// !$*UTF8*$!
{
	archiveVersion = 1;
	classes = {
	};
	objectVersion = 77;
	objects = {

/* Begin PBXBuildFile section */
		5642355E2E53955200356153 /* Stripe in Frameworks */ = {isa = PBXBuildFile; productRef = 5642355D2E53955200356153 /* Stripe */; };
		564235602E53955200356153 /* StripeApplePay in Frameworks */ = {isa = PBXBuildFile; productRef = 5642355F2E53955200356153 /* StripeApplePay */; };
		564235622E53955200356153 /* StripeCardScan in Frameworks */ = {isa = PBXBuildFile; productRef = 564235612E53955200356153 /* StripeCardScan */; };
		564235652E5395CB00356153 /* GoogleSignIn in Frameworks */ = {isa = PBXBuildFile; productRef = 564235642E5395CB00356153 /* GoogleSignIn */; };
		564235672E5395CB00356153 /* GoogleSignInSwift in Frameworks */ = {isa = PBXBuildFile; productRef = 564235662E5395CB00356153 /* GoogleSignInSwift */; };
		564236362E53BB7200356153 /* StripeConnect in Frameworks */ = {isa = PBXBuildFile; productRef = 564236352E53BB7200356153 /* StripeConnect */; };
		564236382E53BB7200356153 /* StripeFinancialConnections in Frameworks */ = {isa = PBXBuildFile; productRef = 564236372E53BB7200356153 /* StripeFinancialConnections */; };
		5657CCE42E5CBB2900BC5CA7 /* FacebookCore in Frameworks */ = {isa = PBXBuildFile; productRef = 5657CCE32E5CBB2900BC5CA7 /* FacebookCore */; };
		5657CCE62E5CBB2900BC5CA7 /* FacebookLogin in Frameworks */ = {isa = PBXBuildFile; productRef = 5657CCE52E5CBB2900BC5CA7 /* FacebookLogin */; };
		56AAE2E62E53C86F00CADAAF /* StripePaymentSheet in Frameworks */ = {isa = PBXBuildFile; productRef = 56AAE2E52E53C86F00CADAAF /* StripePaymentSheet */; };
/* End PBXBuildFile section */

/* Begin PBXFileReference section */
		564234BD2E53919F00356153 /* cedra.app */ = {isa = PBXFileReference; explicitFileType = wrapper.application; includeInIndex = 0; path = cedra.app; sourceTree = BUILT_PRODUCTS_DIR; };
/* End PBXFileReference section */

/* Begin PBXFileSystemSynchronizedBuildFileExceptionSet section */
		56A2E1B92E549B2200438D7F /* Exceptions for "cedra" folder in "cedra" target */ = {
			isa = PBXFileSystemSynchronizedBuildFileExceptionSet;
			membershipExceptions = (
				Info.plist,
			);
			target = 564234BC2E53919F00356153 /* cedra */;
		};
/* End PBXFileSystemSynchronizedBuildFileExceptionSet section */

/* Begin PBXFileSystemSynchronizedRootGroup section */
		564234BF2E53919F00356153 /* cedra */ = {
			isa = PBXFileSystemSynchronizedRootGroup;
			exceptions = (
				56A2E1B92E549B2200438D7F /* Exceptions for "cedra" folder in "cedra" target */,
			);
			path = cedra;
			sourceTree = "<group>";
		};
/* End PBXFileSystemSynchronizedRootGroup section */

/* Begin PBXFrameworksBuildPhase section */
		564234BA2E53919F00356153 /* Frameworks */ = {
			isa = PBXFrameworksBuildPhase;
			buildActionMask = 2147483647;
			files = (
				5657CCE62E5CBB2900BC5CA7 /* FacebookLogin in Frameworks */,
				564235652E5395CB00356153 /* GoogleSignIn in Frameworks */,
				564236382E53BB7200356153 /* StripeFinancialConnections in Frameworks */,
				564235622E53955200356153 /* StripeCardScan in Frameworks */,
				564235602E53955200356153 /* StripeApplePay in Frameworks */,
				564236362E53BB7200356153 /* StripeConnect in Frameworks */,
				564235672E5395CB00356153 /* GoogleSignInSwift in Frameworks */,
				56AAE2E62E53C86F00CADAAF /* StripePaymentSheet in Frameworks */,
				5657CCE42E5CBB2900BC5CA7 /* FacebookCore in Frameworks */,
				5642355E2E53955200356153 /* Stripe in Frameworks */,
			);
			runOnlyForDeploymentPostprocessing = 0;
		};
/* End PBXFrameworksBuildPhase section */

/* Begin PBXGroup section */
		564234B42E53919F00356153 = {
			isa = PBXGroup;
			children = (
				564234BF2E53919F00356153 /* cedra */,
				56AAE2E42E53C86F00CADAAF /* Frameworks */,
				564234BE2E53919F00356153 /* Products */,
			);
			sourceTree = "<group>";
		};
		564234BE2E53919F00356153 /* Products */ = {
			isa = PBXGroup;
			children = (
				564234BD2E53919F00356153 /* cedra.app */,
			);
			name = Products;
			sourceTree = "<group>";
		};
		56AAE2E42E53C86F00CADAAF /* Frameworks */ = {
			isa = PBXGroup;
			children = (
			);
			name = Frameworks;
			sourceTree = "<group>";
		};
/* End PBXGroup section */

/* Begin PBXNativeTarget section */
		564234BC2E53919F00356153 /* cedra */ = {
			isa = PBXNativeTarget;
			buildConfigurationList = 564234C82E5391A100356153 /* Build configuration list for PBXNativeTarget "cedra" */;
			buildPhases = (
				564234B92E53919F00356153 /* Sources */,
				564234BA2E53919F00356153 /* Frameworks */,
				564234BB2E53919F00356153 /* Resources */,
			);
			buildRules = (
			);
			dependencies = (
			);
			fileSystemSynchronizedGroups = (
				564234BF2E53919F00356153 /* cedra */,
			);
			name = cedra;
			packageProductDependencies = (
				5642355D2E53955200356153 /* Stripe */,
				5642355F2E53955200356153 /* StripeApplePay */,
				564235612E53955200356153 /* StripeCardScan */,
				564235642E5395CB00356153 /* GoogleSignIn */,
				564235662E5395CB00356153 /* GoogleSignInSwift */,
				564236352E53BB7200356153 /* StripeConnect */,
				564236372E53BB7200356153 /* StripeFinancialConnections */,
				56AAE2E52E53C86F00CADAAF /* StripePaymentSheet */,
				5657CCE32E5CBB2900BC5CA7 /* FacebookCore */,
				5657CCE52E5CBB2900BC5CA7 /* FacebookLogin */,
			);
			productName = cedra;
			productReference = 564234BD2E53919F00356153 /* cedra.app */;
			productType = "com.apple.product-type.application";
		};
/* End PBXNativeTarget section */

/* Begin PBXProject section */
		564234B52E53919F00356153 /* Project object */ = {
			isa = PBXProject;
			attributes = {
				BuildIndependentTargetsInParallel = 1;
				LastSwiftUpdateCheck = 1640;
				LastUpgradeCheck = 2600;
				TargetAttributes = {
					564234BC2E53919F00356153 = {
						CreatedOnToolsVersion = 16.4;
					};
				};
			};
			buildConfigurationList = 564234B82E53919F00356153 /* Build configuration list for PBXProject "cedra" */;
			developmentRegion = en;
			hasScannedForEncodings = 0;
			knownRegions = (
				en,
				Base,
				fr,
			);
			mainGroup = 564234B42E53919F00356153;
			minimizedProjectReferenceProxies = 1;
			packageReferences = (
				5642355C2E53955200356153 /* XCRemoteSwiftPackageReference "stripe-ios" */,
				564235632E5395CB00356153 /* XCRemoteSwiftPackageReference "GoogleSignIn-iOS" */,
				5657CCE22E5CBB2900BC5CA7 /* XCRemoteSwiftPackageReference "facebook-ios-sdk" */,
			);
			preferredProjectObjectVersion = 77;
			productRefGroup = 564234BE2E53919F00356153 /* Products */;
			projectDirPath = "";
			projectRoot = "";
			targets = (
				564234BC2E53919F00356153 /* cedra */,
			);
		};
/* End PBXProject section */

/* Begin PBXResourcesBuildPhase section */
		564234BB2E53919F00356153 /* Resources */ = {
			isa = PBXResourcesBuildPhase;
			buildActionMask = 2147483647;
			files = (
			);
			runOnlyForDeploymentPostprocessing = 0;
		};
/* End PBXResourcesBuildPhase section */

/* Begin PBXSourcesBuildPhase section */
		564234B92E53919F00356153 /* Sources */ = {
			isa = PBXSourcesBuildPhase;
			buildActionMask = 2147483647;
			files = (
			);
			runOnlyForDeploymentPostprocessing = 0;
		};
/* End PBXSourcesBuildPhase section */

/* Begin XCBuildConfiguration section */
		564234C62E5391A100356153 /* Debug */ = {
			isa = XCBuildConfiguration;
			buildSettings = {
				ALWAYS_SEARCH_USER_PATHS = NO;
				ASSETCATALOG_COMPILER_GENERATE_SWIFT_ASSET_SYMBOL_EXTENSIONS = YES;
				CLANG_ANALYZER_LOCALIZABILITY_NONLOCALIZED = YES;
				CLANG_ANALYZER_NONNULL = YES;
				CLANG_ANALYZER_NUMBER_OBJECT_CONVERSION = YES_AGGRESSIVE;
				CLANG_CXX_LANGUAGE_STANDARD = "gnu++20";
				CLANG_ENABLE_MODULES = YES;
				CLANG_ENABLE_OBJC_ARC = YES;
				CLANG_ENABLE_OBJC_WEAK = YES;
				CLANG_WARN_BLOCK_CAPTURE_AUTORELEASING = YES;
				CLANG_WARN_BOOL_CONVERSION = YES;
				CLANG_WARN_COMMA = YES;
				CLANG_WARN_CONSTANT_CONVERSION = YES;
				CLANG_WARN_DEPRECATED_OBJC_IMPLEMENTATIONS = YES;
				CLANG_WARN_DIRECT_OBJC_ISA_USAGE = YES_ERROR;
				CLANG_WARN_DOCUMENTATION_COMMENTS = YES;
				CLANG_WARN_EMPTY_BODY = YES;
				CLANG_WARN_ENUM_CONVERSION = YES;
				CLANG_WARN_INFINITE_RECURSION = YES;
				CLANG_WARN_INT_CONVERSION = YES;
				CLANG_WARN_NON_LITERAL_NULL_CONVERSION = YES;
				CLANG_WARN_OBJC_IMPLICIT_RETAIN_SELF = YES;
				CLANG_WARN_OBJC_LITERAL_CONVERSION = YES;
				CLANG_WARN_OBJC_ROOT_CLASS = YES_ERROR;
				CLANG_WARN_QUOTED_INCLUDE_IN_FRAMEWORK_HEADER = YES;
				CLANG_WARN_RANGE_LOOP_ANALYSIS = YES;
				CLANG_WARN_STRICT_PROTOTYPES = YES;
				CLANG_WARN_SUSPICIOUS_MOVE = YES;
				CLANG_WARN_UNGUARDED_AVAILABILITY = YES_AGGRESSIVE;
				CLANG_WARN_UNREACHABLE_CODE = YES;
				CLANG_WARN__DUPLICATE_METHOD_MATCH = YES;
				COPY_PHASE_STRIP = NO;
				DEBUG_INFORMATION_FORMAT = dwarf;
				DEVELOPMENT_TEAM = MR8MP79L3G;
				ENABLE_STRICT_OBJC_MSGSEND = YES;
				ENABLE_TESTABILITY = YES;
				ENABLE_USER_SCRIPT_SANDBOXING = YES;
				GCC_C_LANGUAGE_STANDARD = gnu17;
				GCC_DYNAMIC_NO_PIC = NO;
				GCC_NO_COMMON_BLOCKS = YES;
				GCC_OPTIMIZATION_LEVEL = 0;
				GCC_PREPROCESSOR_DEFINITIONS = (
					"DEBUG=1",
					"$(inherited)",
				);
				GCC_WARN_64_TO_32_BIT_CONVERSION = YES;
				GCC_WARN_ABOUT_RETURN_TYPE = YES_ERROR;
				GCC_WARN_UNDECLARED_SELECTOR = YES;
				GCC_WARN_UNINITIALIZED_AUTOS = YES_AGGRESSIVE;
				GCC_WARN_UNUSED_FUNCTION = YES;
				GCC_WARN_UNUSED_VARIABLE = YES;
				IPHONEOS_DEPLOYMENT_TARGET = 18.5;
				LOCALIZATION_PREFERS_STRING_CATALOGS = YES;
				MTL_ENABLE_DEBUG_INFO = INCLUDE_SOURCE;
				MTL_FAST_MATH = YES;
				ONLY_ACTIVE_ARCH = YES;
				SDKROOT = iphoneos;
				STRING_CATALOG_GENERATE_SYMBOLS = YES;
				SWIFT_ACTIVE_COMPILATION_CONDITIONS = "DEBUG $(inherited)";
				SWIFT_OPTIMIZATION_LEVEL = "-Onone";
			};
			name = Debug;
		};
		564234C72E5391A100356153 /* Release */ = {
			isa = XCBuildConfiguration;
			buildSettings = {
				ALWAYS_SEARCH_USER_PATHS = NO;
				ASSETCATALOG_COMPILER_GENERATE_SWIFT_ASSET_SYMBOL_EXTENSIONS = YES;
				CLANG_ANALYZER_LOCALIZABILITY_NONLOCALIZED = YES;
				CLANG_ANALYZER_NONNULL = YES;
				CLANG_ANALYZER_NUMBER_OBJECT_CONVERSION = YES_AGGRESSIVE;
				CLANG_CXX_LANGUAGE_STANDARD = "gnu++20";
				CLANG_ENABLE_MODULES = YES;
				CLANG_ENABLE_OBJC_ARC = YES;
				CLANG_ENABLE_OBJC_WEAK = YES;
				CLANG_WARN_BLOCK_CAPTURE_AUTORELEASING = YES;
				CLANG_WARN_BOOL_CONVERSION = YES;
				CLANG_WARN_COMMA = YES;
				CLANG_WARN_CONSTANT_CONVERSION = YES;
				CLANG_WARN_DEPRECATED_OBJC_IMPLEMENTATIONS = YES;
				CLANG_WARN_DIRECT_OBJC_ISA_USAGE = YES_ERROR;
				CLANG_WARN_DOCUMENTATION_COMMENTS = YES;
				CLANG_WARN_EMPTY_BODY = YES;
				CLANG_WARN_ENUM_CONVERSION = YES;
				CLANG_WARN_INFINITE_RECURSION = YES;
				CLANG_WARN_INT_CONVERSION = YES;
				CLANG_WARN_NON_LITERAL_NULL_CONVERSION = YES;
				CLANG_WARN_OBJC_IMPLICIT_RETAIN_SELF = YES;
				CLANG_WARN_OBJC_LITERAL_CONVERSION = YES;
				CLANG_WARN_OBJC_ROOT_CLASS = YES_ERROR;
				CLANG_WARN_QUOTED_INCLUDE_IN_FRAMEWORK_HEADER = YES;
				CLANG_WARN_RANGE_LOOP_ANALYSIS = YES;
				CLANG_WARN_STRICT_PROTOTYPES = YES;
				CLANG_WARN_SUSPICIOUS_MOVE = YES;
				CLANG_WARN_UNGUARDED_AVAILABILITY = YES_AGGRESSIVE;
				CLANG_WARN_UNREACHABLE_CODE = YES;
				CLANG_WARN__DUPLICATE_METHOD_MATCH = YES;
				COPY_PHASE_STRIP = NO;
				DEBUG_INFORMATION_FORMAT = "dwarf-with-dsym";
				DEVELOPMENT_TEAM = MR8MP79L3G;
				ENABLE_NS_ASSERTIONS = NO;
				ENABLE_STRICT_OBJC_MSGSEND = YES;
				ENABLE_USER_SCRIPT_SANDBOXING = YES;
				GCC_C_LANGUAGE_STANDARD = gnu17;
				GCC_NO_COMMON_BLOCKS = YES;
				GCC_WARN_64_TO_32_BIT_CONVERSION = YES;
				GCC_WARN_ABOUT_RETURN_TYPE = YES_ERROR;
				GCC_WARN_UNDECLARED_SELECTOR = YES;
				GCC_WARN_UNINITIALIZED_AUTOS = YES_AGGRESSIVE;
				GCC_WARN_UNUSED_FUNCTION = YES;
				GCC_WARN_UNUSED_VARIABLE = YES;
				IPHONEOS_DEPLOYMENT_TARGET = 18.5;
				LOCALIZATION_PREFERS_STRING_CATALOGS = YES;
				MTL_ENABLE_DEBUG_INFO = NO;
				MTL_FAST_MATH = YES;
				SDKROOT = iphoneos;
				STRING_CATALOG_GENERATE_SYMBOLS = YES;
				SWIFT_COMPILATION_MODE = wholemodule;
				VALIDATE_PRODUCT = YES;
			};
			name = Release;
		};
		564234C92E5391A100356153 /* Debug */ = {
			isa = XCBuildConfiguration;
			buildSettings = {
				ASSETCATALOG_COMPILER_APPICON_NAME = AppIcon;
				ASSETCATALOG_COMPILER_GLOBAL_ACCENT_COLOR_NAME = AccentColor;
				CODE_SIGN_ENTITLEMENTS = cedra/cedra.entitlements;
				CODE_SIGN_STYLE = Automatic;
				CURRENT_PROJECT_VERSION = 1;
				DEVELOPMENT_TEAM = HG6VXLU5S8;
				ENABLE_PREVIEWS = YES;
				GENERATE_INFOPLIST_FILE = YES;
				INFOPLIST_FILE = cedra/Info.plist;
				INFOPLIST_KEY_CFBundleDisplayName = Cedra;
				INFOPLIST_KEY_NSUserTrackingUsageDescription = "Cette app utilise l’identifiant publicitaire pour vous proposer une meilleure expérience.";
				INFOPLIST_KEY_UIApplicationSupportsIndirectInputEvents = YES;
				INFOPLIST_KEY_UILaunchScreen_Generation = YES;
				INFOPLIST_KEY_UILaunchStoryboardName = LaunchScreen;
				INFOPLIST_KEY_UIStatusBarStyle = "";
				INFOPLIST_KEY_UISupportedInterfaceOrientations = UIInterfaceOrientationPortrait;
				INFOPLIST_KEY_UISupportedInterfaceOrientations_iPad = "UIInterfaceOrientationLandscapeLeft UIInterfaceOrientationLandscapeRight UIInterfaceOrientationPortrait UIInterfaceOrientationPortraitUpsideDown";
				IPHONEOS_DEPLOYMENT_TARGET = 17.6;
				LD_RUNPATH_SEARCH_PATHS = (
					"$(inherited)",
					"@executable_path/Frameworks",
				);
				MARKETING_VERSION = 1.0;
				PRODUCT_BUNDLE_IDENTIFIER = eldocam.cedra;
				PRODUCT_NAME = "$(TARGET_NAME)";
				SUPPORTED_PLATFORMS = "iphoneos iphonesimulator";
				SUPPORTS_MACCATALYST = NO;
				SUPPORTS_MAC_DESIGNED_FOR_IPHONE_IPAD = NO;
				SUPPORTS_XR_DESIGNED_FOR_IPHONE_IPAD = NO;
				SWIFT_EMIT_LOC_STRINGS = YES;
				SWIFT_VERSION = 5.0;
				TARGETED_DEVICE_FAMILY = 1;
			};
			name = Debug;
		};
		564234CA2E5391A100356153 /* Release */ = {
			isa = XCBuildConfiguration;
			buildSettings = {
				ASSETCATALOG_COMPILER_APPICON_NAME = AppIcon;
				ASSETCATALOG_COMPILER_GLOBAL_ACCENT_COLOR_NAME = AccentColor;
				CODE_SIGN_ENTITLEMENTS = cedra/cedra.entitlements;
				CODE_SIGN_STYLE = Automatic;
				CURRENT_PROJECT_VERSION = 1;
				DEVELOPMENT_TEAM = HG6VXLU5S8;
				ENABLE_PREVIEWS = YES;
				GENERATE_INFOPLIST_FILE = YES;
				INFOPLIST_FILE = cedra/Info.plist;
				INFOPLIST_KEY_CFBundleDisplayName = Cedra;
				INFOPLIST_KEY_NSUserTrackingUsageDescription = "Cette app utilise l’identifiant publicitaire pour vous proposer une meilleure expérience.";
				INFOPLIST_KEY_UIApplicationSupportsIndirectInputEvents = YES;
				INFOPLIST_KEY_UILaunchScreen_Generation = YES;
				INFOPLIST_KEY_UILaunchStoryboardName = LaunchScreen;
				INFOPLIST_KEY_UIStatusBarStyle = "";
				INFOPLIST_KEY_UISupportedInterfaceOrientations = UIInterfaceOrientationPortrait;
				INFOPLIST_KEY_UISupportedInterfaceOrientations_iPad = "UIInterfaceOrientationLandscapeLeft UIInterfaceOrientationLandscapeRight UIInterfaceOrientationPortrait UIInterfaceOrientationPortraitUpsideDown";
				IPHONEOS_DEPLOYMENT_TARGET = 17.6;
				LD_RUNPATH_SEARCH_PATHS = (
					"$(inherited)",
					"@executable_path/Frameworks",
				);
				MARKETING_VERSION = 1.0;
				PRODUCT_BUNDLE_IDENTIFIER = eldocam.cedra;
				PRODUCT_NAME = "$(TARGET_NAME)";
				SUPPORTED_PLATFORMS = "iphoneos iphonesimulator";
				SUPPORTS_MACCATALYST = NO;
				SUPPORTS_MAC_DESIGNED_FOR_IPHONE_IPAD = NO;
				SUPPORTS_XR_DESIGNED_FOR_IPHONE_IPAD = NO;
				SWIFT_EMIT_LOC_STRINGS = YES;
				SWIFT_VERSION = 5.0;
				TARGETED_DEVICE_FAMILY = 1;
			};
			name = Release;
		};
/* End XCBuildConfiguration section */

/* Begin XCConfigurationList section */
		564234B82E53919F00356153 /* Build configuration list for PBXProject "cedra" */ = {
			isa = XCConfigurationList;
			buildConfigurations = (
				564234C62E5391A100356153 /* Debug */,
				564234C72E5391A100356153 /* Release */,
			);
			defaultConfigurationIsVisible = 0;
			defaultConfigurationName = Release;
		};
		564234C82E5391A100356153 /* Build configuration list for PBXNativeTarget "cedra" */ = {
			isa = XCConfigurationList;
			buildConfigurations = (
				564234C92E5391A100356153 /* Debug */,
				564234CA2E5391A100356153 /* Release */,
			);
			defaultConfigurationIsVisible = 0;
			defaultConfigurationName = Release;
		};
/* End XCConfigurationList section */

/* Begin XCRemoteSwiftPackageReference section */
		5642355C2E53955200356153 /* XCRemoteSwiftPackageReference "stripe-ios" */ = {
			isa = XCRemoteSwiftPackageReference;
			repositoryURL = "https://github.com/stripe/stripe-ios";
			requirement = {
				kind = upToNextMajorVersion;
				minimumVersion = 24.20.0;
			};
		};
		564235632E5395CB00356153 /* XCRemoteSwiftPackageReference "GoogleSignIn-iOS" */ = {
			isa = XCRemoteSwiftPackageReference;
			repositoryURL = "https://github.com/google/GoogleSignIn-iOS";
			requirement = {
				kind = upToNextMajorVersion;
				minimumVersion = 9.0.0;
			};
		};
		5657CCE22E5CBB2900BC5CA7 /* XCRemoteSwiftPackageReference "facebook-ios-sdk" */ = {
			isa = XCRemoteSwiftPackageReference;
			repositoryURL = "https://github.com/facebook/facebook-ios-sdk";
			requirement = {
				kind = upToNextMajorVersion;
				minimumVersion = 14.1.0;
			};
		};
/* End XCRemoteSwiftPackageReference section */

/* Begin XCSwiftPackageProductDependency section */
		5642355D2E53955200356153 /* Stripe */ = {
			isa = XCSwiftPackageProductDependency;
			package = 5642355C2E53955200356153 /* XCRemoteSwiftPackageReference "stripe-ios" */;
			productName = Stripe;
		};
		5642355F2E53955200356153 /* StripeApplePay */ = {
			isa = XCSwiftPackageProductDependency;
			package = 5642355C2E53955200356153 /* XCRemoteSwiftPackageReference "stripe-ios" */;
			productName = StripeApplePay;
		};
		564235612E53955200356153 /* StripeCardScan */ = {
			isa = XCSwiftPackageProductDependency;
			package = 5642355C2E53955200356153 /* XCRemoteSwiftPackageReference "stripe-ios" */;
			productName = StripeCardScan;
		};
		564235642E5395CB00356153 /* GoogleSignIn */ = {
			isa = XCSwiftPackageProductDependency;
			package = 564235632E5395CB00356153 /* XCRemoteSwiftPackageReference "GoogleSignIn-iOS" */;
			productName = GoogleSignIn;
		};
		564235662E5395CB00356153 /* GoogleSignInSwift */ = {
			isa = XCSwiftPackageProductDependency;
			package = 564235632E5395CB00356153 /* XCRemoteSwiftPackageReference "GoogleSignIn-iOS" */;
			productName = GoogleSignInSwift;
		};
		564236352E53BB7200356153 /* StripeConnect */ = {
			isa = XCSwiftPackageProductDependency;
			package = 5642355C2E53955200356153 /* XCRemoteSwiftPackageReference "stripe-ios" */;
			productName = StripeConnect;
		};
		564236372E53BB7200356153 /* StripeFinancialConnections */ = {
			isa = XCSwiftPackageProductDependency;
			package = 5642355C2E53955200356153 /* XCRemoteSwiftPackageReference "stripe-ios" */;
			productName = StripeFinancialConnections;
		};
		5657CCE32E5CBB2900BC5CA7 /* FacebookCore */ = {
			isa = XCSwiftPackageProductDependency;
			package = 5657CCE22E5CBB2900BC5CA7 /* XCRemoteSwiftPackageReference "facebook-ios-sdk" */;
			productName = FacebookCore;
		};
		5657CCE52E5CBB2900BC5CA7 /* FacebookLogin */ = {
			isa = XCSwiftPackageProductDependency;
			package = 5657CCE22E5CBB2900BC5CA7 /* XCRemoteSwiftPackageReference "facebook-ios-sdk" */;
			productName = FacebookLogin;
		};
		56AAE2E52E53C86F00CADAAF /* StripePaymentSheet */ = {
			isa = XCSwiftPackageProductDependency;
			package = 5642355C2E53955200356153 /* XCRemoteSwiftPackageReference "stripe-ios" */;
			productName = StripePaymentSheet;
		};
/* End XCSwiftPackageProductDependency section */
	};
	rootObject = 564234B52E53919F00356153 /* Project object */;
}
